// !$*UTF8*$!
{
	archiveVersion = 1;
	classes = {
	};
	objectVersion = 48;
	objects = {

/* Begin PBXBuildFile section */
		8BAA04051F949E000067A1BF /* AppDelegate.swift in Sources */ = {isa = PBXBuildFile; fileRef = 8BAA04041F949E000067A1BF /* AppDelegate.swift */; };
		8BAA04071F949E000067A1BF /* ViewController.swift in Sources */ = {isa = PBXBuildFile; fileRef = 8BAA04061F949E000067A1BF /* ViewController.swift */; };
		8BAA040A1F949E000067A1BF /* Main.storyboard in Resources */ = {isa = PBXBuildFile; fileRef = 8BAA04081F949E000067A1BF /* Main.storyboard */; };
		8BAA040C1F949E000067A1BF /* Assets.xcassets in Resources */ = {isa = PBXBuildFile; fileRef = 8BAA040B1F949E000067A1BF /* Assets.xcassets */; };
		8BAA040F1F949E000067A1BF /* LaunchScreen.storyboard in Resources */ = {isa = PBXBuildFile; fileRef = 8BAA040D1F949E000067A1BF /* LaunchScreen.storyboard */; };
		8BAA04171F94A6230067A1BF /* Block.swift in Sources */ = {isa = PBXBuildFile; fileRef = 8BAA04161F94A6230067A1BF /* Block.swift */; };
/* End PBXBuildFile section */

/* Begin PBXFileReference section */
		8BAA04011F949E000067A1BF /* SceneTetris.app */ = {isa = PBXFileReference; explicitFileType = wrapper.application; includeInIndex = 0; path = SceneTetris.app; sourceTree = BUILT_PRODUCTS_DIR; };
		8BAA04041F949E000067A1BF /* AppDelegate.swift */ = {isa = PBXFileReference; lastKnownFileType = sourcecode.swift; path = AppDelegate.swift; sourceTree = "<group>"; };
		8BAA04061F949E000067A1BF /* ViewController.swift */ = {isa = PBXFileReference; lastKnownFileType = sourcecode.swift; path = ViewController.swift; sourceTree = "<group>"; };
		8BAA04091F949E000067A1BF /* Base */ = {isa = PBXFileReference; lastKnownFileType = file.storyboard; name = Base; path = Base.lproj/Main.storyboard; sourceTree = "<group>"; };
		8BAA040B1F949E000067A1BF /* Assets.xcassets */ = {isa = PBXFileReference; lastKnownFileType = folder.assetcatalog; path = Assets.xcassets; sourceTree = "<group>"; };
		8BAA040E1F949E000067A1BF /* Base */ = {isa = PBXFileReference; lastKnownFileType = file.storyboard; name = Base; path = Base.lproj/LaunchScreen.storyboard; sourceTree = "<group>"; };
		8BAA04101F949E000067A1BF /* Info.plist */ = {isa = PBXFileReference; lastKnownFileType = text.plist.xml; path = Info.plist; sourceTree = "<group>"; };
		8BAA04161F94A6230067A1BF /* Block.swift */ = {isa = PBXFileReference; lastKnownFileType = sourcecode.swift; path = Block.swift; sourceTree = "<group>"; };
/* End PBXFileReference section */

/* Begin PBXFrameworksBuildPhase section */
		8BAA03FE1F949E000067A1BF /* Frameworks */ = {
			isa = PBXFrameworksBuildPhase;
			buildActionMask = 2147483647;
			files = (
			);
			runOnlyForDeploymentPostprocessing = 0;
		};
/* End PBXFrameworksBuildPhase section */

/* Begin PBXGroup section */
		8BAA03F81F949DFF0067A1BF = {
			isa = PBXGroup;
			children = (
				8BAA04031F949E000067A1BF /* SceneTetris */,
				8BAA04021F949E000067A1BF /* Products */,
			);
			sourceTree = "<group>";
		};
		8BAA04021F949E000067A1BF /* Products */ = {
			isa = PBXGroup;
			children = (
				8BAA04011F949E000067A1BF /* SceneTetris.app */,
			);
			name = Products;
			sourceTree = "<group>";
		};
		8BAA04031F949E000067A1BF /* SceneTetris */ = {
			isa = PBXGroup;
			children = (
				8BAA04041F949E000067A1BF /* AppDelegate.swift */,
				8BAA04061F949E000067A1BF /* ViewController.swift */,
				8BAA04081F949E000067A1BF /* Main.storyboard */,
				8BAA040B1F949E000067A1BF /* Assets.xcassets */,
				8BAA040D1F949E000067A1BF /* LaunchScreen.storyboard */,
				8BAA04101F949E000067A1BF /* Info.plist */,
				8BAA04161F94A6230067A1BF /* Block.swift */,
			);
			path = SceneTetris;
			sourceTree = "<group>";
		};
/* End PBXGroup section */

/* Begin PBXNativeTarget section */
		8BAA04001F949E000067A1BF /* SceneTetris */ = {
			isa = PBXNativeTarget;
			buildConfigurationList = 8BAA04131F949E000067A1BF /* Build configuration list for PBXNativeTarget "SceneTetris" */;
			buildPhases = (
				8BAA03FD1F949E000067A1BF /* Sources */,
				8BAA03FE1F949E000067A1BF /* Frameworks */,
				8BAA03FF1F949E000067A1BF /* Resources */,
			);
			buildRules = (
			);
			dependencies = (
			);
			name = SceneTetris;
			productName = SceneTetris;
			productReference = 8BAA04011F949E000067A1BF /* SceneTetris.app */;
			productType = "com.apple.product-type.application";
		};
/* End PBXNativeTarget section */

/* Begin PBXProject section */
		8BAA03F91F949DFF0067A1BF /* Project object */ = {
			isa = PBXProject;
			attributes = {
				LastSwiftUpdateCheck = 0900;
				LastUpgradeCheck = 0900;
				ORGANIZATIONNAME = mking;
				TargetAttributes = {
					8BAA04001F949E000067A1BF = {
						CreatedOnToolsVersion = 9.0;
						ProvisioningStyle = Automatic;
					};
				};
			};
			buildConfigurationList = 8BAA03FC1F949DFF0067A1BF /* Build configuration list for PBXProject "SceneTetris" */;
			compatibilityVersion = "Xcode 8.0";
			developmentRegion = en;
			hasScannedForEncodings = 0;
			knownRegions = (
				en,
				Base,
			);
			mainGroup = 8BAA03F81F949DFF0067A1BF;
			productRefGroup = 8BAA04021F949E000067A1BF /* Products */;
			projectDirPath = "";
			projectRoot = "";
			targets = (
				8BAA04001F949E000067A1BF /* SceneTetris */,
			);
		};
/* End PBXProject section */

/* Begin PBXResourcesBuildPhase section */
		8BAA03FF1F949E000067A1BF /* Resources */ = {
			isa = PBXResourcesBuildPhase;
			buildActionMask = 2147483647;
			files = (
				8BAA040F1F949E000067A1BF /* LaunchScreen.storyboard in Resources */,
				8BAA040C1F949E000067A1BF /* Assets.xcassets in Resources */,
				8BAA040A1F949E000067A1BF /* Main.storyboard in Resources */,
			);
			runOnlyForDeploymentPostprocessing = 0;
		};
/* End PBXResourcesBuildPhase section */

/* Begin PBXSourcesBuildPhase section */
		8BAA03FD1F949E000067A1BF /* Sources */ = {
			isa = PBXSourcesBuildPhase;
			buildActionMask = 2147483647;
			files = (
				8BAA04171F94A6230067A1BF /* Block.swift in Sources */,
				8BAA04071F949E000067A1BF /* ViewController.swift in Sources */,
				8BAA04051F949E000067A1BF /* AppDelegate.swift in Sources */,
			);
			runOnlyForDeploymentPostprocessing = 0;
		};
/* End PBXSourcesBuildPhase section */

/* Begin PBXVariantGroup section */
		8BAA04081F949E000067A1BF /* Main.storyboard */ = {
			isa = PBXVariantGroup;
			children = (
				8BAA04091F949E000067A1BF /* Base */,
			);
			name = Main.storyboard;
			sourceTree = "<group>";
		};
		8BAA040D1F949E000067A1BF /* LaunchScreen.storyboard */ = {
			isa = PBXVariantGroup;
			children = (
				8BAA040E1F949E000067A1BF /* Base */,
			);
			name = LaunchScreen.storyboard;
			sourceTree = "<group>";
		};
/* End PBXVariantGroup section */

/* Begin XCBuildConfiguration section */
		8BAA04111F949E000067A1BF /* Debug */ = {
			isa = XCBuildConfiguration;
			buildSettings = {
				ALWAYS_SEARCH_USER_PATHS = NO;
				CLANG_ANALYZER_NONNULL = YES;
				CLANG_ANALYZER_NUMBER_OBJECT_CONVERSION = YES_AGGRESSIVE;
				CLANG_CXX_LANGUAGE_STANDARD = "gnu++14";
				CLANG_CXX_LIBRARY = "libc++";
				CLANG_ENABLE_MODULES = YES;
				CLANG_ENABLE_OBJC_ARC = YES;
				CLANG_WARN_BLOCK_CAPTURE_AUTORELEASING = YES;
				CLANG_WARN_BOOL_CONVERSION = YES;
				CLANG_WARN_COMMA = YES;
				CLANG_WARN_CONSTANT_CONVERSION = YES;
				CLANG_WARN_DIRECT_OBJC_ISA_USAGE = YES_ERROR;
				CLANG_WARN_DOCUMENTATION_COMMENTS = YES;
				CLANG_WARN_EMPTY_BODY = YES;
				CLANG_WARN_ENUM_CONVERSION = YES;
				CLANG_WARN_INFINITE_RECURSION = YES;
				CLANG_WARN_INT_CONVERSION = YES;
				CLANG_WARN_NON_LITERAL_NULL_CONVERSION = YES;
				CLANG_WARN_OBJC_LITERAL_CONVERSION = YES;
				CLANG_WARN_OBJC_ROOT_CLASS = YES_ERROR;
				CLANG_WARN_RANGE_LOOP_ANALYSIS = YES;
				CLANG_WARN_STRICT_PROTOTYPES = YES;
				CLANG_WARN_SUSPICIOUS_MOVE = YES;
				CLANG_WARN_UNGUARDED_AVAILABILITY = YES_AGGRESSIVE;
				CLANG_WARN_UNREACHABLE_CODE = YES;
				CLANG_WARN__DUPLICATE_METHOD_MATCH = YES;
				CODE_SIGN_IDENTITY = "iPhone Developer";
				COPY_PHASE_STRIP = NO;
				DEBUG_INFORMATION_FORMAT = dwarf;
				ENABLE_STRICT_OBJC_MSGSEND = YES;
				ENABLE_TESTABILITY = YES;
				GCC_C_LANGUAGE_STANDARD = gnu11;
				GCC_DYNAMIC_NO_PIC = NO;
				GCC_NO_COMMON_BLOCKS = YES;
				GCC_OPTIMIZATION_LEVEL = 0;
				GCC_PREPROCESSOR_DEFINITIONS = (
					"DEBUG=1",
					"$(inherited)",
				);
				GCC_WARN_64_TO_32_BIT_CONVERSION = YES;
				GCC_WARN_ABOUT_RETURN_TYPE = YES_ERROR;
				GCC_WARN_UNDECLARED_SELECTOR = YES;
				GCC_WARN_UNINITIALIZED_AUTOS = YES_AGGRESSIVE;
				GCC_WARN_UNUSED_FUNCTION = YES;
				GCC_WARN_UNUSED_VARIABLE = YES;
				IPHONEOS_DEPLOYMENT_TARGET = 11.0;
				MTL_ENABLE_DEBUG_INFO = YES;
				ONLY_ACTIVE_ARCH = YES;
				SDKROOT = iphoneos;
				SWIFT_ACTIVE_COMPILATION_CONDITIONS = DEBUG;
				SWIFT_OPTIMIZATION_LEVEL = "-Onone";
			};
			name = Debug;
		};
		8BAA04121F949E000067A1BF /* Release */ = {
			isa = XCBuildConfiguration;
			buildSettings = {
				ALWAYS_SEARCH_USER_PATHS = NO;
				CLANG_ANALYZER_NONNULL = YES;
				CLANG_ANALYZER_NUMBER_OBJECT_CONVERSION = YES_AGGRESSIVE;
				CLANG_CXX_LANGUAGE_STANDARD = "gnu++14";
				CLANG_CXX_LIBRARY = "libc++";
				CLANG_ENABLE_MODULES = YES;
				CLANG_ENABLE_OBJC_ARC = YES;
				CLANG_WARN_BLOCK_CAPTURE_AUTORELEASING = YES;
				CLANG_WARN_BOOL_CONVERSION = YES;
				CLANG_WARN_COMMA = YES;
				CLANG_WARN_CONSTANT_CONVERSION = YES;
				CLANG_WARN_DIRECT_OBJC_ISA_USAGE = YES_ERROR;
				CLANG_WARN_DOCUMENTATION_COMMENTS = YES;
				CLANG_WARN_EMPTY_BODY = YES;
				CLANG_WARN_ENUM_CONVERSION = YES;
				CLANG_WARN_INFINITE_RECURSION = YES;
				CLANG_WARN_INT_CONVERSION = YES;
				CLANG_WARN_NON_LITERAL_NULL_CONVERSION = YES;
				CLANG_WARN_OBJC_LITERAL_CONVERSION = YES;
				CLANG_WARN_OBJC_ROOT_CLASS = YES_ERROR;
				CLANG_WARN_RANGE_LOOP_ANALYSIS = YES;
				CLANG_WARN_STRICT_PROTOTYPES = YES;
				CLANG_WARN_SUSPICIOUS_MOVE = YES;
				CLANG_WARN_UNGUARDED_AVAILABILITY = YES_AGGRESSIVE;
				CLANG_WARN_UNREACHABLE_CODE = YES;
				CLANG_WARN__DUPLICATE_METHOD_MATCH = YES;
				CODE_SIGN_IDENTITY = "iPhone Developer";
				COPY_PHASE_STRIP = NO;
				DEBUG_INFORMATION_FORMAT = "dwarf-with-dsym";
				ENABLE_NS_ASSERTIONS = NO;
				ENABLE_STRICT_OBJC_MSGSEND = YES;
				GCC_C_LANGUAGE_STANDARD = gnu11;
				GCC_NO_COMMON_BLOCKS = YES;
				GCC_WARN_64_TO_32_BIT_CONVERSION = YES;
				GCC_WARN_ABOUT_RETURN_TYPE = YES_ERROR;
				GCC_WARN_UNDECLARED_SELECTOR = YES;
				GCC_WARN_UNINITIALIZED_AUTOS = YES_AGGRESSIVE;
				GCC_WARN_UNUSED_FUNCTION = YES;
				GCC_WARN_UNUSED_VARIABLE = YES;
				IPHONEOS_DEPLOYMENT_TARGET = 11.0;
				MTL_ENABLE_DEBUG_INFO = NO;
				SDKROOT = iphoneos;
				SWIFT_OPTIMIZATION_LEVEL = "-Owholemodule";
				VALIDATE_PRODUCT = YES;
			};
			name = Release;
		};
		8BAA04141F949E000067A1BF /* Debug */ = {
			isa = XCBuildConfiguration;
			buildSettings = {
				ASSETCATALOG_COMPILER_APPICON_NAME = AppIcon;
				CODE_SIGN_STYLE = Automatic;
				DEVELOPMENT_TEAM = QN46P2PK7U;
				INFOPLIST_FILE = SceneTetris/Info.plist;
				LD_RUNPATH_SEARCH_PATHS = "$(inherited) @executable_path/Frameworks";
				PRODUCT_BUNDLE_IDENTIFIER = ardev.SceneTetris;
				PRODUCT_NAME = "$(TARGET_NAME)";
				SWIFT_VERSION = 4.0;
				TARGETED_DEVICE_FAMILY = "1,2";
			};
			name = Debug;
		};
		8BAA04151F949E000067A1BF /* Release */ = {
			isa = XCBuildConfiguration;
			buildSettings = {
				ASSETCATALOG_COMPILER_APPICON_NAME = AppIcon;
				CODE_SIGN_STYLE = Automatic;
				DEVELOPMENT_TEAM = QN46P2PK7U;
				INFOPLIST_FILE = SceneTetris/Info.plist;
				LD_RUNPATH_SEARCH_PATHS = "$(inherited) @executable_path/Frameworks";
				PRODUCT_BUNDLE_IDENTIFIER = ardev.SceneTetris;
				PRODUCT_NAME = "$(TARGET_NAME)";
				SWIFT_VERSION = 4.0;
				TARGETED_DEVICE_FAMILY = "1,2";
			};
			name = Release;
		};
/* End XCBuildConfiguration section */

/* Begin XCConfigurationList section */
		8BAA03FC1F949DFF0067A1BF /* Build configuration list for PBXProject "SceneTetris" */ = {
			isa = XCConfigurationList;
			buildConfigurations = (
				8BAA04111F949E000067A1BF /* Debug */,
				8BAA04121F949E000067A1BF /* Release */,
			);
			defaultConfigurationIsVisible = 0;
			defaultConfigurationName = Release;
		};
		8BAA04131F949E000067A1BF /* Build configuration list for PBXNativeTarget "SceneTetris" */ = {
			isa = XCConfigurationList;
			buildConfigurations = (
				8BAA04141F949E000067A1BF /* Debug */,
				8BAA04151F949E000067A1BF /* Release */,
			);
			defaultConfigurationIsVisible = 0;
			defaultConfigurationName = Release;
		};
/* End XCConfigurationList section */
	};
	rootObject = 8BAA03F91F949DFF0067A1BF /* Project object */;
}
